// !$*UTF8*$!
{
	archiveVersion = 1;
	classes = {
	};
	objectVersion = 56;
	objects = {

/* Begin PBXBuildFile section */
		5801DB7628E8D17000425C67 /* MedicationTableViewCell.swift in Sources */ = {isa = PBXBuildFile; fileRef = 5801DB7528E8D17000425C67 /* MedicationTableViewCell.swift */; };
		5831033928D4B5C100C9800F /* K.swift in Sources */ = {isa = PBXBuildFile; fileRef = 5831033828D4B5C100C9800F /* K.swift */; };
		5831034128D5751B00C9800F /* AveriaLibre-Regular.ttf in Resources */ = {isa = PBXBuildFile; fileRef = 5831033B28D5751B00C9800F /* AveriaLibre-Regular.ttf */; };
		5831034228D5751B00C9800F /* AveriaLibre-BoldItalic.ttf in Resources */ = {isa = PBXBuildFile; fileRef = 5831033C28D5751B00C9800F /* AveriaLibre-BoldItalic.ttf */; };
		5831034328D5751B00C9800F /* AveriaLibre-Italic.ttf in Resources */ = {isa = PBXBuildFile; fileRef = 5831033D28D5751B00C9800F /* AveriaLibre-Italic.ttf */; };
		5831034428D5751B00C9800F /* AveriaLibre-Light.ttf in Resources */ = {isa = PBXBuildFile; fileRef = 5831033E28D5751B00C9800F /* AveriaLibre-Light.ttf */; };
		5831034528D5751B00C9800F /* AveriaLibre-Bold.ttf in Resources */ = {isa = PBXBuildFile; fileRef = 5831033F28D5751B00C9800F /* AveriaLibre-Bold.ttf */; };
		5831034628D5751C00C9800F /* AveriaLibre-LightItalic.ttf in Resources */ = {isa = PBXBuildFile; fileRef = 5831034028D5751B00C9800F /* AveriaLibre-LightItalic.ttf */; };
		58C0E81728E91C8E00981090 /* Medication.swift in Sources */ = {isa = PBXBuildFile; fileRef = 58C0E81628E91C8E00981090 /* Medication.swift */; };
		58EEE51F28D0F33D0028C722 /* AppDelegate.swift in Sources */ = {isa = PBXBuildFile; fileRef = 58EEE51E28D0F33D0028C722 /* AppDelegate.swift */; };
		58EEE52128D0F33D0028C722 /* SceneDelegate.swift in Sources */ = {isa = PBXBuildFile; fileRef = 58EEE52028D0F33D0028C722 /* SceneDelegate.swift */; };
		58EEE52328D0F33D0028C722 /* ViewController.swift in Sources */ = {isa = PBXBuildFile; fileRef = 58EEE52228D0F33D0028C722 /* ViewController.swift */; };
		58EEE52828D0F33F0028C722 /* Assets.xcassets in Resources */ = {isa = PBXBuildFile; fileRef = 58EEE52728D0F33F0028C722 /* Assets.xcassets */; };
		58EEE52B28D0F33F0028C722 /* LaunchScreen.storyboard in Resources */ = {isa = PBXBuildFile; fileRef = 58EEE52928D0F33F0028C722 /* LaunchScreen.storyboard */; };
/* End PBXBuildFile section */

/* Begin PBXFileReference section */
		5801DB7528E8D17000425C67 /* MedicationTableViewCell.swift */ = {isa = PBXFileReference; lastKnownFileType = sourcecode.swift; path = MedicationTableViewCell.swift; sourceTree = "<group>"; };
		5831033828D4B5C100C9800F /* K.swift */ = {isa = PBXFileReference; lastKnownFileType = sourcecode.swift; path = K.swift; sourceTree = "<group>"; };
		5831033B28D5751B00C9800F /* AveriaLibre-Regular.ttf */ = {isa = PBXFileReference; lastKnownFileType = file; path = "AveriaLibre-Regular.ttf"; sourceTree = "<group>"; };
		5831033C28D5751B00C9800F /* AveriaLibre-BoldItalic.ttf */ = {isa = PBXFileReference; lastKnownFileType = file; path = "AveriaLibre-BoldItalic.ttf"; sourceTree = "<group>"; };
		5831033D28D5751B00C9800F /* AveriaLibre-Italic.ttf */ = {isa = PBXFileReference; lastKnownFileType = file; path = "AveriaLibre-Italic.ttf"; sourceTree = "<group>"; };
		5831033E28D5751B00C9800F /* AveriaLibre-Light.ttf */ = {isa = PBXFileReference; lastKnownFileType = file; path = "AveriaLibre-Light.ttf"; sourceTree = "<group>"; };
		5831033F28D5751B00C9800F /* AveriaLibre-Bold.ttf */ = {isa = PBXFileReference; lastKnownFileType = file; path = "AveriaLibre-Bold.ttf"; sourceTree = "<group>"; };
		5831034028D5751B00C9800F /* AveriaLibre-LightItalic.ttf */ = {isa = PBXFileReference; lastKnownFileType = file; path = "AveriaLibre-LightItalic.ttf"; sourceTree = "<group>"; };
		58C0E81628E91C8E00981090 /* Medication.swift */ = {isa = PBXFileReference; lastKnownFileType = sourcecode.swift; path = Medication.swift; sourceTree = "<group>"; };
		58EEE51B28D0F33D0028C722 /* PillBuddy.app */ = {isa = PBXFileReference; explicitFileType = wrapper.application; includeInIndex = 0; path = PillBuddy.app; sourceTree = BUILT_PRODUCTS_DIR; };
		58EEE51E28D0F33D0028C722 /* AppDelegate.swift */ = {isa = PBXFileReference; lastKnownFileType = sourcecode.swift; path = AppDelegate.swift; sourceTree = "<group>"; };
		58EEE52028D0F33D0028C722 /* SceneDelegate.swift */ = {isa = PBXFileReference; lastKnownFileType = sourcecode.swift; path = SceneDelegate.swift; sourceTree = "<group>"; };
		58EEE52228D0F33D0028C722 /* ViewController.swift */ = {isa = PBXFileReference; lastKnownFileType = sourcecode.swift; path = ViewController.swift; sourceTree = "<group>"; };
		58EEE52728D0F33F0028C722 /* Assets.xcassets */ = {isa = PBXFileReference; lastKnownFileType = folder.assetcatalog; path = Assets.xcassets; sourceTree = "<group>"; };
		58EEE52A28D0F33F0028C722 /* Base */ = {isa = PBXFileReference; lastKnownFileType = file.storyboard; name = Base; path = Base.lproj/LaunchScreen.storyboard; sourceTree = "<group>"; };
		58EEE52C28D0F33F0028C722 /* Info.plist */ = {isa = PBXFileReference; lastKnownFileType = text.plist.xml; path = Info.plist; sourceTree = "<group>"; };
/* End PBXFileReference section */

/* Begin PBXFrameworksBuildPhase section */
		58EEE51828D0F33D0028C722 /* Frameworks */ = {
			isa = PBXFrameworksBuildPhase;
			buildActionMask = 2147483647;
			files = (
			);
			runOnlyForDeploymentPostprocessing = 0;
		};
/* End PBXFrameworksBuildPhase section */

/* Begin PBXGroup section */
		5831033A28D574FD00C9800F /* fonts */ = {
			isa = PBXGroup;
			children = (
				5831033F28D5751B00C9800F /* AveriaLibre-Bold.ttf */,
				5831033C28D5751B00C9800F /* AveriaLibre-BoldItalic.ttf */,
				5831033D28D5751B00C9800F /* AveriaLibre-Italic.ttf */,
				5831033E28D5751B00C9800F /* AveriaLibre-Light.ttf */,
				5831034028D5751B00C9800F /* AveriaLibre-LightItalic.ttf */,
				5831033B28D5751B00C9800F /* AveriaLibre-Regular.ttf */,
			);
			path = fonts;
			sourceTree = "<group>";
		};
		58EEE51228D0F33D0028C722 = {
			isa = PBXGroup;
			children = (
				58EEE51D28D0F33D0028C722 /* PillBuddy */,
				58EEE51C28D0F33D0028C722 /* Products */,
			);
			sourceTree = "<group>";
		};
		58EEE51C28D0F33D0028C722 /* Products */ = {
			isa = PBXGroup;
			children = (
				58EEE51B28D0F33D0028C722 /* PillBuddy.app */,
			);
			name = Products;
			sourceTree = "<group>";
		};
		58EEE51D28D0F33D0028C722 /* PillBuddy */ = {
			isa = PBXGroup;
			children = (
				58EEE51E28D0F33D0028C722 /* AppDelegate.swift */,
				58EEE52028D0F33D0028C722 /* SceneDelegate.swift */,
				5801DB7528E8D17000425C67 /* MedicationTableViewCell.swift */,
				58C0E81628E91C8E00981090 /* Medication.swift */,
				58EEE52228D0F33D0028C722 /* ViewController.swift */,
				5831033828D4B5C100C9800F /* K.swift */,
				58EEE52728D0F33F0028C722 /* Assets.xcassets */,
				58EEE52928D0F33F0028C722 /* LaunchScreen.storyboard */,
				58EEE52C28D0F33F0028C722 /* Info.plist */,
				5831033A28D574FD00C9800F /* fonts */,
			);
			path = PillBuddy;
			sourceTree = "<group>";
		};
/* End PBXGroup section */

/* Begin PBXNativeTarget section */
		58EEE51A28D0F33D0028C722 /* PillBuddy */ = {
			isa = PBXNativeTarget;
			buildConfigurationList = 58EEE52F28D0F33F0028C722 /* Build configuration list for PBXNativeTarget "PillBuddy" */;
			buildPhases = (
				58EEE51728D0F33D0028C722 /* Sources */,
				58EEE51828D0F33D0028C722 /* Frameworks */,
				58EEE51928D0F33D0028C722 /* Resources */,
			);
			buildRules = (
			);
			dependencies = (
			);
			name = PillBuddy;
			productName = PillBuddy;
			productReference = 58EEE51B28D0F33D0028C722 /* PillBuddy.app */;
			productType = "com.apple.product-type.application";
		};
/* End PBXNativeTarget section */

/* Begin PBXProject section */
		58EEE51328D0F33D0028C722 /* Project object */ = {
			isa = PBXProject;
			attributes = {
				BuildIndependentTargetsInParallel = 1;
				LastSwiftUpdateCheck = 1400;
				LastUpgradeCheck = 1400;
				TargetAttributes = {
					58EEE51A28D0F33D0028C722 = {
						CreatedOnToolsVersion = 14.0;
					};
				};
			};
			buildConfigurationList = 58EEE51628D0F33D0028C722 /* Build configuration list for PBXProject "PillBuddy" */;
			compatibilityVersion = "Xcode 14.0";
			developmentRegion = en;
			hasScannedForEncodings = 0;
			knownRegions = (
				en,
				Base,
			);
			mainGroup = 58EEE51228D0F33D0028C722;
			productRefGroup = 58EEE51C28D0F33D0028C722 /* Products */;
			projectDirPath = "";
			projectRoot = "";
			targets = (
				58EEE51A28D0F33D0028C722 /* PillBuddy */,
			);
		};
/* End PBXProject section */

/* Begin PBXResourcesBuildPhase section */
		58EEE51928D0F33D0028C722 /* Resources */ = {
			isa = PBXResourcesBuildPhase;
			buildActionMask = 2147483647;
			files = (
				5831034228D5751B00C9800F /* AveriaLibre-BoldItalic.ttf in Resources */,
				5831034128D5751B00C9800F /* AveriaLibre-Regular.ttf in Resources */,
				58EEE52B28D0F33F0028C722 /* LaunchScreen.storyboard in Resources */,
				5831034328D5751B00C9800F /* AveriaLibre-Italic.ttf in Resources */,
				5831034528D5751B00C9800F /* AveriaLibre-Bold.ttf in Resources */,
				58EEE52828D0F33F0028C722 /* Assets.xcassets in Resources */,
				5831034428D5751B00C9800F /* AveriaLibre-Light.ttf in Resources */,
				5831034628D5751C00C9800F /* AveriaLibre-LightItalic.ttf in Resources */,
			);
			runOnlyForDeploymentPostprocessing = 0;
		};
/* End PBXResourcesBuildPhase section */

/* Begin PBXSourcesBuildPhase section */
		58EEE51728D0F33D0028C722 /* Sources */ = {
			isa = PBXSourcesBuildPhase;
			buildActionMask = 2147483647;
			files = (
				58EEE52328D0F33D0028C722 /* ViewController.swift in Sources */,
				5831033928D4B5C100C9800F /* K.swift in Sources */,
				58EEE51F28D0F33D0028C722 /* AppDelegate.swift in Sources */,
				58EEE52128D0F33D0028C722 /* SceneDelegate.swift in Sources */,
				58C0E81728E91C8E00981090 /* Medication.swift in Sources */,
				5801DB7628E8D17000425C67 /* MedicationTableViewCell.swift in Sources */,
			);
			runOnlyForDeploymentPostprocessing = 0;
		};
/* End PBXSourcesBuildPhase section */

/* Begin PBXVariantGroup section */
		58EEE52928D0F33F0028C722 /* LaunchScreen.storyboard */ = {
			isa = PBXVariantGroup;
			children = (
				58EEE52A28D0F33F0028C722 /* Base */,
			);
			name = LaunchScreen.storyboard;
			sourceTree = "<group>";
		};
/* End PBXVariantGroup section */

/* Begin XCBuildConfiguration section */
		58EEE52D28D0F33F0028C722 /* Debug */ = {
			isa = XCBuildConfiguration;
			buildSettings = {
				ALWAYS_SEARCH_USER_PATHS = NO;
				CLANG_ANALYZER_NONNULL = YES;
				CLANG_ANALYZER_NUMBER_OBJECT_CONVERSION = YES_AGGRESSIVE;
				CLANG_CXX_LANGUAGE_STANDARD = "gnu++20";
				CLANG_ENABLE_MODULES = YES;
				CLANG_ENABLE_OBJC_ARC = YES;
				CLANG_ENABLE_OBJC_WEAK = YES;
				CLANG_WARN_BLOCK_CAPTURE_AUTORELEASING = YES;
				CLANG_WARN_BOOL_CONVERSION = YES;
				CLANG_WARN_COMMA = YES;
				CLANG_WARN_CONSTANT_CONVERSION = YES;
				CLANG_WARN_DEPRECATED_OBJC_IMPLEMENTATIONS = YES;
				CLANG_WARN_DIRECT_OBJC_ISA_USAGE = YES_ERROR;
				CLANG_WARN_DOCUMENTATION_COMMENTS = YES;
				CLANG_WARN_EMPTY_BODY = YES;
				CLANG_WARN_ENUM_CONVERSION = YES;
				CLANG_WARN_INFINITE_RECURSION = YES;
				CLANG_WARN_INT_CONVERSION = YES;
				CLANG_WARN_NON_LITERAL_NULL_CONVERSION = YES;
				CLANG_WARN_OBJC_IMPLICIT_RETAIN_SELF = YES;
				CLANG_WARN_OBJC_LITERAL_CONVERSION = YES;
				CLANG_WARN_OBJC_ROOT_CLASS = YES_ERROR;
				CLANG_WARN_QUOTED_INCLUDE_IN_FRAMEWORK_HEADER = YES;
				CLANG_WARN_RANGE_LOOP_ANALYSIS = YES;
				CLANG_WARN_STRICT_PROTOTYPES = YES;
				CLANG_WARN_SUSPICIOUS_MOVE = YES;
				CLANG_WARN_UNGUARDED_AVAILABILITY = YES_AGGRESSIVE;
				CLANG_WARN_UNREACHABLE_CODE = YES;
				CLANG_WARN__DUPLICATE_METHOD_MATCH = YES;
				COPY_PHASE_STRIP = NO;
				DEBUG_INFORMATION_FORMAT = dwarf;
				ENABLE_STRICT_OBJC_MSGSEND = YES;
				ENABLE_TESTABILITY = YES;
				GCC_C_LANGUAGE_STANDARD = gnu11;
				GCC_DYNAMIC_NO_PIC = NO;
				GCC_NO_COMMON_BLOCKS = YES;
				GCC_OPTIMIZATION_LEVEL = 0;
				GCC_PREPROCESSOR_DEFINITIONS = (
					"DEBUG=1",
					"$(inherited)",
				);
				GCC_WARN_64_TO_32_BIT_CONVERSION = YES;
				GCC_WARN_ABOUT_RETURN_TYPE = YES_ERROR;
				GCC_WARN_UNDECLARED_SELECTOR = YES;
				GCC_WARN_UNINITIALIZED_AUTOS = YES_AGGRESSIVE;
				GCC_WARN_UNUSED_FUNCTION = YES;
				GCC_WARN_UNUSED_VARIABLE = YES;
				IPHONEOS_DEPLOYMENT_TARGET = 16.0;
				MTL_ENABLE_DEBUG_INFO = INCLUDE_SOURCE;
				MTL_FAST_MATH = YES;
				ONLY_ACTIVE_ARCH = YES;
				SDKROOT = iphoneos;
				SWIFT_ACTIVE_COMPILATION_CONDITIONS = DEBUG;
				SWIFT_OPTIMIZATION_LEVEL = "-Onone";
			};
			name = Debug;
		};
		58EEE52E28D0F33F0028C722 /* Release */ = {
			isa = XCBuildConfiguration;
			buildSettings = {
				ALWAYS_SEARCH_USER_PATHS = NO;
				CLANG_ANALYZER_NONNULL = YES;
				CLANG_ANALYZER_NUMBER_OBJECT_CONVERSION = YES_AGGRESSIVE;
				CLANG_CXX_LANGUAGE_STANDARD = "gnu++20";
				CLANG_ENABLE_MODULES = YES;
				CLANG_ENABLE_OBJC_ARC = YES;
				CLANG_ENABLE_OBJC_WEAK = YES;
				CLANG_WARN_BLOCK_CAPTURE_AUTORELEASING = YES;
				CLANG_WARN_BOOL_CONVERSION = YES;
				CLANG_WARN_COMMA = YES;
				CLANG_WARN_CONSTANT_CONVERSION = YES;
				CLANG_WARN_DEPRECATED_OBJC_IMPLEMENTATIONS = YES;
				CLANG_WARN_DIRECT_OBJC_ISA_USAGE = YES_ERROR;
				CLANG_WARN_DOCUMENTATION_COMMENTS = YES;
				CLANG_WARN_EMPTY_BODY = YES;
				CLANG_WARN_ENUM_CONVERSION = YES;
				CLANG_WARN_INFINITE_RECURSION = YES;
				CLANG_WARN_INT_CONVERSION = YES;
				CLANG_WARN_NON_LITERAL_NULL_CONVERSION = YES;
				CLANG_WARN_OBJC_IMPLICIT_RETAIN_SELF = YES;
				CLANG_WARN_OBJC_LITERAL_CONVERSION = YES;
				CLANG_WARN_OBJC_ROOT_CLASS = YES_ERROR;
				CLANG_WARN_QUOTED_INCLUDE_IN_FRAMEWORK_HEADER = YES;
				CLANG_WARN_RANGE_LOOP_ANALYSIS = YES;
				CLANG_WARN_STRICT_PROTOTYPES = YES;
				CLANG_WARN_SUSPICIOUS_MOVE = YES;
				CLANG_WARN_UNGUARDED_AVAILABILITY = YES_AGGRESSIVE;
				CLANG_WARN_UNREACHABLE_CODE = YES;
				CLANG_WARN__DUPLICATE_METHOD_MATCH = YES;
				COPY_PHASE_STRIP = NO;
				DEBUG_INFORMATION_FORMAT = "dwarf-with-dsym";
				ENABLE_NS_ASSERTIONS = NO;
				ENABLE_STRICT_OBJC_MSGSEND = YES;
				GCC_C_LANGUAGE_STANDARD = gnu11;
				GCC_NO_COMMON_BLOCKS = YES;
				GCC_WARN_64_TO_32_BIT_CONVERSION = YES;
				GCC_WARN_ABOUT_RETURN_TYPE = YES_ERROR;
				GCC_WARN_UNDECLARED_SELECTOR = YES;
				GCC_WARN_UNINITIALIZED_AUTOS = YES_AGGRESSIVE;
				GCC_WARN_UNUSED_FUNCTION = YES;
				GCC_WARN_UNUSED_VARIABLE = YES;
				IPHONEOS_DEPLOYMENT_TARGET = 16.0;
				MTL_ENABLE_DEBUG_INFO = NO;
				MTL_FAST_MATH = YES;
				SDKROOT = iphoneos;
				SWIFT_COMPILATION_MODE = wholemodule;
				SWIFT_OPTIMIZATION_LEVEL = "-O";
				VALIDATE_PRODUCT = YES;
			};
			name = Release;
		};
		58EEE53028D0F33F0028C722 /* Debug */ = {
			isa = XCBuildConfiguration;
			buildSettings = {
				ASSETCATALOG_COMPILER_APPICON_NAME = AppIcon;
				ASSETCATALOG_COMPILER_GLOBAL_ACCENT_COLOR_NAME = AccentColor;
				CODE_SIGN_STYLE = Automatic;
				CURRENT_PROJECT_VERSION = 1;
				DEVELOPMENT_TEAM = BSPGS2T42U;
				GENERATE_INFOPLIST_FILE = YES;
				INFOPLIST_FILE = PillBuddy/Info.plist;
				INFOPLIST_KEY_UIApplicationSupportsIndirectInputEvents = YES;
				INFOPLIST_KEY_UILaunchStoryboardName = LaunchScreen;
				INFOPLIST_KEY_UISupportedInterfaceOrientations_iPad = "UIInterfaceOrientationPortrait UIInterfaceOrientationPortraitUpsideDown UIInterfaceOrientationLandscapeLeft UIInterfaceOrientationLandscapeRight";
				INFOPLIST_KEY_UISupportedInterfaceOrientations_iPhone = "UIInterfaceOrientationPortrait UIInterfaceOrientationLandscapeLeft UIInterfaceOrientationLandscapeRight";
				LD_RUNPATH_SEARCH_PATHS = (
					"$(inherited)",
					"@executable_path/Frameworks",
				);
				MARKETING_VERSION = 1.0;
				PRODUCT_BUNDLE_IDENTIFIER = com.adinjoyce.PillBuddy;
				PRODUCT_NAME = "$(TARGET_NAME)";
				SWIFT_EMIT_LOC_STRINGS = YES;
				SWIFT_VERSION = 5.0;
				TARGETED_DEVICE_FAMILY = "1,2";
			};
			name = Debug;
		};
		58EEE53128D0F33F0028C722 /* Release */ = {
			isa = XCBuildConfiguration;
			buildSettings = {
				ASSETCATALOG_COMPILER_APPICON_NAME = AppIcon;
				ASSETCATALOG_COMPILER_GLOBAL_ACCENT_COLOR_NAME = AccentColor;
				CODE_SIGN_STYLE = Automatic;
				CURRENT_PROJECT_VERSION = 1;
				DEVELOPMENT_TEAM = BSPGS2T42U;
				GENERATE_INFOPLIST_FILE = YES;
				INFOPLIST_FILE = PillBuddy/Info.plist;
				INFOPLIST_KEY_UIApplicationSupportsIndirectInputEvents = YES;
				INFOPLIST_KEY_UILaunchStoryboardName = LaunchScreen;
				INFOPLIST_KEY_UISupportedInterfaceOrientations_iPad = "UIInterfaceOrientationPortrait UIInterfaceOrientationPortraitUpsideDown UIInterfaceOrientationLandscapeLeft UIInterfaceOrientationLandscapeRight";
				INFOPLIST_KEY_UISupportedInterfaceOrientations_iPhone = "UIInterfaceOrientationPortrait UIInterfaceOrientationLandscapeLeft UIInterfaceOrientationLandscapeRight";
				LD_RUNPATH_SEARCH_PATHS = (
					"$(inherited)",
					"@executable_path/Frameworks",
				);
				MARKETING_VERSION = 1.0;
				PRODUCT_BUNDLE_IDENTIFIER = com.adinjoyce.PillBuddy;
				PRODUCT_NAME = "$(TARGET_NAME)";
				SWIFT_EMIT_LOC_STRINGS = YES;
				SWIFT_VERSION = 5.0;
				TARGETED_DEVICE_FAMILY = "1,2";
			};
			name = Release;
		};
/* End XCBuildConfiguration section */

/* Begin XCConfigurationList section */
		58EEE51628D0F33D0028C722 /* Build configuration list for PBXProject "PillBuddy" */ = {
			isa = XCConfigurationList;
			buildConfigurations = (
				58EEE52D28D0F33F0028C722 /* Debug */,
				58EEE52E28D0F33F0028C722 /* Release */,
			);
			defaultConfigurationIsVisible = 0;
			defaultConfigurationName = Release;
		};
		58EEE52F28D0F33F0028C722 /* Build configuration list for PBXNativeTarget "PillBuddy" */ = {
			isa = XCConfigurationList;
			buildConfigurations = (
				58EEE53028D0F33F0028C722 /* Debug */,
				58EEE53128D0F33F0028C722 /* Release */,
			);
			defaultConfigurationIsVisible = 0;
			defaultConfigurationName = Release;
		};
/* End XCConfigurationList section */
	};
	rootObject = 58EEE51328D0F33D0028C722 /* Project object */;
}
